
Microsoft Visual Studio Solution File, Format Version 12.00
# Visual Studio Version 17
VisualStudioVersion = 17.4.33213.308
MinimumVisualStudioVersion = 10.0.40219.1
Project("{FAE04EC0-301F-11D3-BF4B-00C04F79EFBC}") = "s8proyecto1", "s8proyecto1.csproj", "{7B949988-63B1-4AD0-B71C-190FDA3CD136}"
EndProject
Global
	GlobalSection(SolutionConfigurationPlatforms) = preSolution
		Debug|Any CPU = Debug|Any CPU
		Release|Any CPU = Release|Any CPU
	EndGlobalSection
	GlobalSection(ProjectConfigurationPlatforms) = postSolution
		{7B949988-63B1-4AD0-B71C-190FDA3CD136}.Debug|Any CPU.ActiveCfg = Debug|Any CPU
		{7B949988-63B1-4AD0-B71C-190FDA3CD136}.Debug|Any CPU.Build.0 = Debug|Any CPU
		{7B949988-63B1-4AD0-B71C-190FDA3CD136}.Release|Any CPU.ActiveCfg = Release|Any CPU
		{7B949988-63B1-4AD0-B71C-190FDA3CD136}.Release|Any CPU.Build.0 = Release|Any CPU
	EndGlobalSection
	GlobalSection(SolutionProperties) = preSolution
		HideSolutionNode = FALSE
	EndGlobalSection
	GlobalSection(ExtensibilityGlobals) = postSolution
		SolutionGuid = {7BFF6A08-4D47-4E4F-8826-0382AC273018}
	EndGlobalSection
EndGlobal
